<Solution>
 <Folder Name="/Solution Items/">
    <File Path="Directory.Build.props" />
	<File Path="Directory.Packages.props" />
  </Folder>
  <Project Path="Zed.EntityFrameworkCore.Tests/Zed.EntityFrameworkCore.Tests.csproj" />
  <Project Path="Zed.EntityFrameworkCore/Zed.EntityFrameworkCore.csproj" />
</Solution>
